
Microsoft Visual Studio Solution File, Format Version 12.00
# Visual Studio Version 16
VisualStudioVersion = 16.0.33027.164
MinimumVisualStudioVersion = 10.0.40219.1
Project("{FAE04EC0-301F-11D3-BF4B-00C04F79EFBC}") = "SubnauticaTeslasuit", "SubnauticaTeslasuit\SubnauticaTeslasuit.csproj", "{F318A9D0-8786-498D-B5A4-B9BE5CB09351}"
EndProject
Global
	GlobalSection(SolutionConfigurationPlatforms) = preSolution
		Debug|Any CPU = Debug|Any CPU
		Release|Any CPU = Release|Any CPU
	EndGlobalSection
	GlobalSection(ProjectConfigurationPlatforms) = postSolution
		{F318A9D0-8786-498D-B5A4-B9BE5CB09351}.Debug|Any CPU.ActiveCfg = Debug|Any CPU
		{F318A9D0-8786-498D-B5A4-B9BE5CB09351}.Debug|Any CPU.Build.0 = Debug|Any CPU
		{F318A9D0-8786-498D-B5A4-B9BE5CB09351}.Release|Any CPU.ActiveCfg = Release|Any CPU
		{F318A9D0-8786-498D-B5A4-B9BE5CB09351}.Release|Any CPU.Build.0 = Release|Any CPU
	EndGlobalSection
	GlobalSection(SolutionProperties) = preSolution
		HideSolutionNode = FALSE
	EndGlobalSection
	GlobalSection(ExtensibilityGlobals) = postSolution
		SolutionGuid = {F4E142B4-63A6-4B57-BD86-EA0D8D5032F5}
	EndGlobalSection
EndGlobal
